
Microsoft Visual Studio Solution File, Format Version 12.00
# Visual Studio Version 16
VisualStudioVersion = 16.0.30523.141
MinimumVisualStudioVersion = 10.0.40219.1
Project("{FAE04EC0-301F-11D3-BF4B-00C04F79EFBC}") = "NV-Prezentace", "NV-Prezantace\NV-Prezentace.csproj", "{FB03382B-F062-4BF0-93BA-725B7BC829DA}"
EndProject
Global
	GlobalSection(SolutionConfigurationPlatforms) = preSolution
		Debug|Any CPU = Debug|Any CPU
		Release|Any CPU = Release|Any CPU
	EndGlobalSection
	GlobalSection(ProjectConfigurationPlatforms) = postSolution
		{FB03382B-F062-4BF0-93BA-725B7BC829DA}.Debug|Any CPU.ActiveCfg = Debug|Any CPU
		{FB03382B-F062-4BF0-93BA-725B7BC829DA}.Debug|Any CPU.Build.0 = Debug|Any CPU
		{FB03382B-F062-4BF0-93BA-725B7BC829DA}.Release|Any CPU.ActiveCfg = Release|Any CPU
		{FB03382B-F062-4BF0-93BA-725B7BC829DA}.Release|Any CPU.Build.0 = Release|Any CPU
	EndGlobalSection
	GlobalSection(SolutionProperties) = preSolution
		HideSolutionNode = FALSE
	EndGlobalSection
	GlobalSection(ExtensibilityGlobals) = postSolution
		SolutionGuid = {F3BB5C5E-B0F7-4A4F-8919-E446C193A7AD}
	EndGlobalSection
EndGlobal
